
Microsoft Visual Studio Solution File, Format Version 12.00
Project("{FAE04EC0-301F-11D3-BF4B-00C04F79EFBC}") = "PatientsService.App", "PatientsService.App\PatientsService.App.csproj", "{140EE109-3D29-49BD-B9C5-4160C2A8DC56}"
EndProject
Project("{FAE04EC0-301F-11D3-BF4B-00C04F79EFBC}") = "PatientsService.Persistence", "PatientsService.Persistence\PatientsService.Persistence.csproj", "{720998CD-6CA1-4831-BB1C-D6E2A30978F8}"
EndProject
Project("{FAE04EC0-301F-11D3-BF4B-00C04F79EFBC}") = "PatientsService.Domain", "PatientsService.Domain\PatientsService.Domain.csproj", "{FD890BF7-BB26-4DB4-A899-00F09D2884F1}"
EndProject
Project("{FAE04EC0-301F-11D3-BF4B-00C04F79EFBC}") = "Messaging", "..\Libs\Messaging\Messaging.csproj", "{BE0E29FD-083D-48F8-BFCE-FF4FA4914A8E}"
EndProject
Project("{FAE04EC0-301F-11D3-BF4B-00C04F79EFBC}") = "PatientsService.Http", "PatientsService.Http\PatientsService.Http.csproj", "{7D3C6F28-96E6-4E1B-B202-67F8CC7428CB}"
EndProject
Global
	GlobalSection(SolutionConfigurationPlatforms) = preSolution
		Debug|Any CPU = Debug|Any CPU
		Release|Any CPU = Release|Any CPU
	EndGlobalSection
	GlobalSection(ProjectConfigurationPlatforms) = postSolution
		{140EE109-3D29-49BD-B9C5-4160C2A8DC56}.Debug|Any CPU.ActiveCfg = Debug|Any CPU
		{140EE109-3D29-49BD-B9C5-4160C2A8DC56}.Debug|Any CPU.Build.0 = Debug|Any CPU
		{140EE109-3D29-49BD-B9C5-4160C2A8DC56}.Release|Any CPU.ActiveCfg = Release|Any CPU
		{140EE109-3D29-49BD-B9C5-4160C2A8DC56}.Release|Any CPU.Build.0 = Release|Any CPU
		{720998CD-6CA1-4831-BB1C-D6E2A30978F8}.Debug|Any CPU.ActiveCfg = Debug|Any CPU
		{720998CD-6CA1-4831-BB1C-D6E2A30978F8}.Debug|Any CPU.Build.0 = Debug|Any CPU
		{720998CD-6CA1-4831-BB1C-D6E2A30978F8}.Release|Any CPU.ActiveCfg = Release|Any CPU
		{720998CD-6CA1-4831-BB1C-D6E2A30978F8}.Release|Any CPU.Build.0 = Release|Any CPU
		{FD890BF7-BB26-4DB4-A899-00F09D2884F1}.Debug|Any CPU.ActiveCfg = Debug|Any CPU
		{FD890BF7-BB26-4DB4-A899-00F09D2884F1}.Debug|Any CPU.Build.0 = Debug|Any CPU
		{FD890BF7-BB26-4DB4-A899-00F09D2884F1}.Release|Any CPU.ActiveCfg = Release|Any CPU
		{FD890BF7-BB26-4DB4-A899-00F09D2884F1}.Release|Any CPU.Build.0 = Release|Any CPU
		{BE0E29FD-083D-48F8-BFCE-FF4FA4914A8E}.Debug|Any CPU.ActiveCfg = Debug|Any CPU
		{BE0E29FD-083D-48F8-BFCE-FF4FA4914A8E}.Debug|Any CPU.Build.0 = Debug|Any CPU
		{BE0E29FD-083D-48F8-BFCE-FF4FA4914A8E}.Release|Any CPU.ActiveCfg = Release|Any CPU
		{BE0E29FD-083D-48F8-BFCE-FF4FA4914A8E}.Release|Any CPU.Build.0 = Release|Any CPU
		{7D3C6F28-96E6-4E1B-B202-67F8CC7428CB}.Debug|Any CPU.ActiveCfg = Debug|Any CPU
		{7D3C6F28-96E6-4E1B-B202-67F8CC7428CB}.Debug|Any CPU.Build.0 = Debug|Any CPU
		{7D3C6F28-96E6-4E1B-B202-67F8CC7428CB}.Release|Any CPU.ActiveCfg = Release|Any CPU
		{7D3C6F28-96E6-4E1B-B202-67F8CC7428CB}.Release|Any CPU.Build.0 = Release|Any CPU
	EndGlobalSection
EndGlobal
